{
  "name": "vyper-concave-vault",
  "lockfileVersion": 2,
  "requires": true,
  "packages": {
    "": {
      "dependencies": {
        "@openzeppelin/contracts": "^4.7.0",
        "safemath": "^1.0.6"
      }
    },
    "node_modules/@openzeppelin/contracts": {
      "version": "4.7.0",
      "resolved": "https://registry.npmjs.org/@openzeppelin/contracts/-/contracts-4.7.0.tgz",
      "integrity": "sha512-52Qb+A1DdOss8QvJrijYYPSf32GUg2pGaG/yCxtaA3cu4jduouTdg4XZSMLW9op54m1jH7J8hoajhHKOPsoJFw=="
    },
    "node_modules/safemath": {
      "version": "1.0.6",
      "resolved": "https://registry.npmjs.org/safemath/-/safemath-1.0.6.tgz",
      "integrity": "sha512-5FxS6jvR0MIqNcts1JuqJO1A/GiqtTyka2pezPS50xw0BNrTp5qw13uv97OF4PGsOHXuau5Xzv1sTMX8N5dJNQ=="
    }
  },
  "dependencies": {
    "@openzeppelin/contracts": {
      "version": "4.7.0",
      "resolved": "https://registry.npmjs.org/@openzeppelin/contracts/-/contracts-4.7.0.tgz",
      "integrity": "sha512-52Qb+A1DdOss8QvJrijYYPSf32GUg2pGaG/yCxtaA3cu4jduouTdg4XZSMLW9op54m1jH7J8hoajhHKOPsoJFw=="
    },
    "safemath": {
      "version": "1.0.6",
      "resolved": "https://registry.npmjs.org/safemath/-/safemath-1.0.6.tgz",
      "integrity": "sha512-5FxS6jvR0MIqNcts1JuqJO1A/GiqtTyka2pezPS50xw0BNrTp5qw13uv97OF4PGsOHXuau5Xzv1sTMX8N5dJNQ=="
    }
  }
}
